// !$*UTF8*$!
{
	archiveVersion = 1;
	classes = {
	};
	objectVersion = 51;
	objects = {

/* Begin PBXBuildFile section */
		D8BDFE416CD8A25354369D5E /* Pods_LikeCoin.framework in Frameworks */ = {isa = PBXBuildFile; fileRef = C6C528C01E36F4B88DFC5881 /* Pods_LikeCoin.framework */; };
		F861FF8223068EDB003D3B77 /* AppDelegate.swift in Sources */ = {isa = PBXBuildFile; fileRef = F861FF8123068EDB003D3B77 /* AppDelegate.swift */; };
		F861FF8423068EDB003D3B77 /* ViewController.swift in Sources */ = {isa = PBXBuildFile; fileRef = F861FF8323068EDB003D3B77 /* ViewController.swift */; };
		F861FF8723068EDB003D3B77 /* Main.storyboard in Resources */ = {isa = PBXBuildFile; fileRef = F861FF8523068EDB003D3B77 /* Main.storyboard */; };
		F861FF8923068EDF003D3B77 /* Assets.xcassets in Resources */ = {isa = PBXBuildFile; fileRef = F861FF8823068EDF003D3B77 /* Assets.xcassets */; };
		F861FF8C23068EDF003D3B77 /* LaunchScreen.storyboard in Resources */ = {isa = PBXBuildFile; fileRef = F861FF8A23068EDF003D3B77 /* LaunchScreen.storyboard */; };
		F861FF942306908A003D3B77 /* GoogleService-Info.plist in Resources */ = {isa = PBXBuildFile; fileRef = F861FF932306908A003D3B77 /* GoogleService-Info.plist */; };
/* End PBXBuildFile section */

/* Begin PBXFileReference section */
		8CB5AE456DFDDB66B65380DF /* Pods-LikeCoin.debug.xcconfig */ = {isa = PBXFileReference; includeInIndex = 1; lastKnownFileType = text.xcconfig; name = "Pods-LikeCoin.debug.xcconfig"; path = "Target Support Files/Pods-LikeCoin/Pods-LikeCoin.debug.xcconfig"; sourceTree = "<group>"; };
		A0213A82C368D72D515F612D /* Pods-LikeCoin.release.xcconfig */ = {isa = PBXFileReference; includeInIndex = 1; lastKnownFileType = text.xcconfig; name = "Pods-LikeCoin.release.xcconfig"; path = "Target Support Files/Pods-LikeCoin/Pods-LikeCoin.release.xcconfig"; sourceTree = "<group>"; };
		C6C528C01E36F4B88DFC5881 /* Pods_LikeCoin.framework */ = {isa = PBXFileReference; explicitFileType = wrapper.framework; includeInIndex = 0; path = Pods_LikeCoin.framework; sourceTree = BUILT_PRODUCTS_DIR; };
		F861FF7E23068EDB003D3B77 /* LikeCoin.app */ = {isa = PBXFileReference; explicitFileType = wrapper.application; includeInIndex = 0; path = LikeCoin.app; sourceTree = BUILT_PRODUCTS_DIR; };
		F861FF8123068EDB003D3B77 /* AppDelegate.swift */ = {isa = PBXFileReference; lastKnownFileType = sourcecode.swift; path = AppDelegate.swift; sourceTree = "<group>"; };
		F861FF8323068EDB003D3B77 /* ViewController.swift */ = {isa = PBXFileReference; lastKnownFileType = sourcecode.swift; path = ViewController.swift; sourceTree = "<group>"; };
		F861FF8623068EDB003D3B77 /* Base */ = {isa = PBXFileReference; lastKnownFileType = file.storyboard; name = Base; path = Base.lproj/Main.storyboard; sourceTree = "<group>"; };
		F861FF8823068EDF003D3B77 /* Assets.xcassets */ = {isa = PBXFileReference; lastKnownFileType = folder.assetcatalog; path = Assets.xcassets; sourceTree = "<group>"; };
		F861FF8B23068EDF003D3B77 /* Base */ = {isa = PBXFileReference; lastKnownFileType = file.storyboard; name = Base; path = Base.lproj/LaunchScreen.storyboard; sourceTree = "<group>"; };
		F861FF8D23068EDF003D3B77 /* Info.plist */ = {isa = PBXFileReference; lastKnownFileType = text.plist.xml; path = Info.plist; sourceTree = "<group>"; };
		F861FF932306908A003D3B77 /* GoogleService-Info.plist */ = {isa = PBXFileReference; fileEncoding = 4; lastKnownFileType = text.plist.xml; path = "GoogleService-Info.plist"; sourceTree = "<group>"; };
/* End PBXFileReference section */

/* Begin PBXFrameworksBuildPhase section */
		F861FF7B23068EDB003D3B77 /* Frameworks */ = {
			isa = PBXFrameworksBuildPhase;
			buildActionMask = 2147483647;
			files = (
				D8BDFE416CD8A25354369D5E /* Pods_LikeCoin.framework in Frameworks */,
			);
			runOnlyForDeploymentPostprocessing = 0;
		};
/* End PBXFrameworksBuildPhase section */

/* Begin PBXGroup section */
		0E0F4594266F2548D004BEAC /* Frameworks */ = {
			isa = PBXGroup;
			children = (
				C6C528C01E36F4B88DFC5881 /* Pods_LikeCoin.framework */,
			);
			name = Frameworks;
			sourceTree = "<group>";
		};
		276D50B144883D7EC6FDE44D /* Pods */ = {
			isa = PBXGroup;
			children = (
				8CB5AE456DFDDB66B65380DF /* Pods-LikeCoin.debug.xcconfig */,
				A0213A82C368D72D515F612D /* Pods-LikeCoin.release.xcconfig */,
			);
			path = Pods;
			sourceTree = "<group>";
		};
		F861FF7523068EDB003D3B77 = {
			isa = PBXGroup;
			children = (
				F861FF8023068EDB003D3B77 /* LikeCoin */,
				F861FF7F23068EDB003D3B77 /* Products */,
				276D50B144883D7EC6FDE44D /* Pods */,
				0E0F4594266F2548D004BEAC /* Frameworks */,
			);
			sourceTree = "<group>";
		};
		F861FF7F23068EDB003D3B77 /* Products */ = {
			isa = PBXGroup;
			children = (
				F861FF7E23068EDB003D3B77 /* LikeCoin.app */,
			);
			name = Products;
			sourceTree = "<group>";
		};
		F861FF8023068EDB003D3B77 /* LikeCoin */ = {
			isa = PBXGroup;
			children = (
				F861FF8123068EDB003D3B77 /* AppDelegate.swift */,
				F861FF8323068EDB003D3B77 /* ViewController.swift */,
				F861FF8523068EDB003D3B77 /* Main.storyboard */,
				F861FF8823068EDF003D3B77 /* Assets.xcassets */,
				F861FF8A23068EDF003D3B77 /* LaunchScreen.storyboard */,
				F861FF8D23068EDF003D3B77 /* Info.plist */,
				F861FF932306908A003D3B77 /* GoogleService-Info.plist */,
			);
			path = LikeCoin;
			sourceTree = "<group>";
		};
/* End PBXGroup section */

/* Begin PBXNativeTarget section */
		F861FF7D23068EDB003D3B77 /* LikeCoin */ = {
			isa = PBXNativeTarget;
			buildConfigurationList = F861FF9023068EDF003D3B77 /* Build configuration list for PBXNativeTarget "LikeCoin" */;
			buildPhases = (
				450F262BA674351D04F9DB9C /* [CP] Check Pods Manifest.lock */,
				F861FF7A23068EDB003D3B77 /* Sources */,
				F861FF7B23068EDB003D3B77 /* Frameworks */,
				F861FF7C23068EDB003D3B77 /* Resources */,
				116B4045FBB3A334A12AFD6E /* [CP] Embed Pods Frameworks */,
			);
			buildRules = (
			);
			dependencies = (
			);
			name = LikeCoin;
			productName = LikeCoin;
			productReference = F861FF7E23068EDB003D3B77 /* LikeCoin.app */;
			productType = "com.apple.product-type.application";
		};
/* End PBXNativeTarget section */

/* Begin PBXProject section */
		F861FF7623068EDB003D3B77 /* Project object */ = {
			isa = PBXProject;
			attributes = {
				LastSwiftUpdateCheck = 1030;
				LastUpgradeCheck = 1030;
				ORGANIZATIONNAME = "LikeCoin Foundation Limited";
				TargetAttributes = {
					F861FF7D23068EDB003D3B77 = {
						CreatedOnToolsVersion = 10.3;
					};
				};
			};
			buildConfigurationList = F861FF7923068EDB003D3B77 /* Build configuration list for PBXProject "LikeCoin" */;
			compatibilityVersion = "Xcode 9.3";
			developmentRegion = en;
			hasScannedForEncodings = 0;
			knownRegions = (
				en,
				Base,
			);
			mainGroup = F861FF7523068EDB003D3B77;
			productRefGroup = F861FF7F23068EDB003D3B77 /* Products */;
			projectDirPath = "";
			projectRoot = "";
			targets = (
				F861FF7D23068EDB003D3B77 /* LikeCoin */,
			);
		};
/* End PBXProject section */

/* Begin PBXResourcesBuildPhase section */
		F861FF7C23068EDB003D3B77 /* Resources */ = {
			isa = PBXResourcesBuildPhase;
			buildActionMask = 2147483647;
			files = (
				F861FF8C23068EDF003D3B77 /* LaunchScreen.storyboard in Resources */,
				F861FF942306908A003D3B77 /* GoogleService-Info.plist in Resources */,
				F861FF8923068EDF003D3B77 /* Assets.xcassets in Resources */,
				F861FF8723068EDB003D3B77 /* Main.storyboard in Resources */,
			);
			runOnlyForDeploymentPostprocessing = 0;
		};
/* End PBXResourcesBuildPhase section */

/* Begin PBXShellScriptBuildPhase section */
		116B4045FBB3A334A12AFD6E /* [CP] Embed Pods Frameworks */ = {
			isa = PBXShellScriptBuildPhase;
			buildActionMask = 2147483647;
			files = (
			);
			inputFileListPaths = (
				"${PODS_ROOT}/Target Support Files/Pods-LikeCoin/Pods-LikeCoin-frameworks-${CONFIGURATION}-input-files.xcfilelist",
			);
			name = "[CP] Embed Pods Frameworks";
			outputFileListPaths = (
				"${PODS_ROOT}/Target Support Files/Pods-LikeCoin/Pods-LikeCoin-frameworks-${CONFIGURATION}-output-files.xcfilelist",
			);
			runOnlyForDeploymentPostprocessing = 0;
			shellPath = /bin/sh;
			shellScript = "\"${PODS_ROOT}/Target Support Files/Pods-LikeCoin/Pods-LikeCoin-frameworks.sh\"\n";
			showEnvVarsInLog = 0;
		};
		450F262BA674351D04F9DB9C /* [CP] Check Pods Manifest.lock */ = {
			isa = PBXShellScriptBuildPhase;
			buildActionMask = 2147483647;
			files = (
			);
			inputFileListPaths = (
			);
			inputPaths = (
				"${PODS_PODFILE_DIR_PATH}/Podfile.lock",
				"${PODS_ROOT}/Manifest.lock",
			);
			name = "[CP] Check Pods Manifest.lock";
			outputFileListPaths = (
			);
			outputPaths = (
				"$(DERIVED_FILE_DIR)/Pods-LikeCoin-checkManifestLockResult.txt",
			);
			runOnlyForDeploymentPostprocessing = 0;
			shellPath = /bin/sh;
			shellScript = "diff \"${PODS_PODFILE_DIR_PATH}/Podfile.lock\" \"${PODS_ROOT}/Manifest.lock\" > /dev/null\nif [ $? != 0 ] ; then\n    # print error to STDERR\n    echo \"error: The sandbox is not in sync with the Podfile.lock. Run 'pod install' or update your CocoaPods installation.\" >&2\n    exit 1\nfi\n# This output is used by Xcode 'outputs' to avoid re-running this script phase.\necho \"SUCCESS\" > \"${SCRIPT_OUTPUT_FILE_0}\"\n";
			showEnvVarsInLog = 0;
		};
/* End PBXShellScriptBuildPhase section */

/* Begin PBXSourcesBuildPhase section */
		F861FF7A23068EDB003D3B77 /* Sources */ = {
			isa = PBXSourcesBuildPhase;
			buildActionMask = 2147483647;
			files = (
				F861FF8423068EDB003D3B77 /* ViewController.swift in Sources */,
				F861FF8223068EDB003D3B77 /* AppDelegate.swift in Sources */,
			);
			runOnlyForDeploymentPostprocessing = 0;
		};
/* End PBXSourcesBuildPhase section */

/* Begin PBXVariantGroup section */
		F861FF8523068EDB003D3B77 /* Main.storyboard */ = {
			isa = PBXVariantGroup;
			children = (
				F861FF8623068EDB003D3B77 /* Base */,
			);
			name = Main.storyboard;
			sourceTree = "<group>";
		};
		F861FF8A23068EDF003D3B77 /* LaunchScreen.storyboard */ = {
			isa = PBXVariantGroup;
			children = (
				F861FF8B23068EDF003D3B77 /* Base */,
			);
			name = LaunchScreen.storyboard;
			sourceTree = "<group>";
		};
/* End PBXVariantGroup section */

/* Begin XCBuildConfiguration section */
		F861FF8E23068EDF003D3B77 /* Debug */ = {
			isa = XCBuildConfiguration;
			buildSettings = {
				ALWAYS_SEARCH_USER_PATHS = NO;
				CLANG_ANALYZER_NONNULL = YES;
				CLANG_ANALYZER_NUMBER_OBJECT_CONVERSION = YES_AGGRESSIVE;
				CLANG_CXX_LANGUAGE_STANDARD = "gnu++14";
				CLANG_CXX_LIBRARY = "libc++";
				CLANG_ENABLE_MODULES = YES;
				CLANG_ENABLE_OBJC_ARC = YES;
				CLANG_ENABLE_OBJC_WEAK = YES;
				CLANG_WARN_BLOCK_CAPTURE_AUTORELEASING = YES;
				CLANG_WARN_BOOL_CONVERSION = YES;
				CLANG_WARN_COMMA = YES;
				CLANG_WARN_CONSTANT_CONVERSION = YES;
				CLANG_WARN_DEPRECATED_OBJC_IMPLEMENTATIONS = YES;
				CLANG_WARN_DIRECT_OBJC_ISA_USAGE = YES_ERROR;
				CLANG_WARN_DOCUMENTATION_COMMENTS = YES;
				CLANG_WARN_EMPTY_BODY = YES;
				CLANG_WARN_ENUM_CONVERSION = YES;
				CLANG_WARN_INFINITE_RECURSION = YES;
				CLANG_WARN_INT_CONVERSION = YES;
				CLANG_WARN_NON_LITERAL_NULL_CONVERSION = YES;
				CLANG_WARN_OBJC_IMPLICIT_RETAIN_SELF = YES;
				CLANG_WARN_OBJC_LITERAL_CONVERSION = YES;
				CLANG_WARN_OBJC_ROOT_CLASS = YES_ERROR;
				CLANG_WARN_RANGE_LOOP_ANALYSIS = YES;
				CLANG_WARN_STRICT_PROTOTYPES = YES;
				CLANG_WARN_SUSPICIOUS_MOVE = YES;
				CLANG_WARN_UNGUARDED_AVAILABILITY = YES_AGGRESSIVE;
				CLANG_WARN_UNREACHABLE_CODE = YES;
				CLANG_WARN__DUPLICATE_METHOD_MATCH = YES;
				CODE_SIGN_IDENTITY = "iPhone Developer";
				COPY_PHASE_STRIP = NO;
				DEBUG_INFORMATION_FORMAT = dwarf;
				ENABLE_STRICT_OBJC_MSGSEND = YES;
				ENABLE_TESTABILITY = YES;
				GCC_C_LANGUAGE_STANDARD = gnu11;
				GCC_DYNAMIC_NO_PIC = NO;
				GCC_NO_COMMON_BLOCKS = YES;
				GCC_OPTIMIZATION_LEVEL = 0;
				GCC_PREPROCESSOR_DEFINITIONS = (
					"DEBUG=1",
					"$(inherited)",
				);
				GCC_WARN_64_TO_32_BIT_CONVERSION = YES;
				GCC_WARN_ABOUT_RETURN_TYPE = YES_ERROR;
				GCC_WARN_UNDECLARED_SELECTOR = YES;
				GCC_WARN_UNINITIALIZED_AUTOS = YES_AGGRESSIVE;
				GCC_WARN_UNUSED_FUNCTION = YES;
				GCC_WARN_UNUSED_VARIABLE = YES;
				IPHONEOS_DEPLOYMENT_TARGET = 12.4;
				MTL_ENABLE_DEBUG_INFO = INCLUDE_SOURCE;
				MTL_FAST_MATH = YES;
				ONLY_ACTIVE_ARCH = YES;
				SDKROOT = iphoneos;
				SWIFT_ACTIVE_COMPILATION_CONDITIONS = DEBUG;
				SWIFT_OPTIMIZATION_LEVEL = "-Onone";
			};
			name = Debug;
		};
		F861FF8F23068EDF003D3B77 /* Release */ = {
			isa = XCBuildConfiguration;
			buildSettings = {
				ALWAYS_SEARCH_USER_PATHS = NO;
				CLANG_ANALYZER_NONNULL = YES;
				CLANG_ANALYZER_NUMBER_OBJECT_CONVERSION = YES_AGGRESSIVE;
				CLANG_CXX_LANGUAGE_STANDARD = "gnu++14";
				CLANG_CXX_LIBRARY = "libc++";
				CLANG_ENABLE_MODULES = YES;
				CLANG_ENABLE_OBJC_ARC = YES;
				CLANG_ENABLE_OBJC_WEAK = YES;
				CLANG_WARN_BLOCK_CAPTURE_AUTORELEASING = YES;
				CLANG_WARN_BOOL_CONVERSION = YES;
				CLANG_WARN_COMMA = YES;
				CLANG_WARN_CONSTANT_CONVERSION = YES;
				CLANG_WARN_DEPRECATED_OBJC_IMPLEMENTATIONS = YES;
				CLANG_WARN_DIRECT_OBJC_ISA_USAGE = YES_ERROR;
				CLANG_WARN_DOCUMENTATION_COMMENTS = YES;
				CLANG_WARN_EMPTY_BODY = YES;
				CLANG_WARN_ENUM_CONVERSION = YES;
				CLANG_WARN_INFINITE_RECURSION = YES;
				CLANG_WARN_INT_CONVERSION = YES;
				CLANG_WARN_NON_LITERAL_NULL_CONVERSION = YES;
				CLANG_WARN_OBJC_IMPLICIT_RETAIN_SELF = YES;
				CLANG_WARN_OBJC_LITERAL_CONVERSION = YES;
				CLANG_WARN_OBJC_ROOT_CLASS = YES_ERROR;
				CLANG_WARN_RANGE_LOOP_ANALYSIS = YES;
				CLANG_WARN_STRICT_PROTOTYPES = YES;
				CLANG_WARN_SUSPICIOUS_MOVE = YES;
				CLANG_WARN_UNGUARDED_AVAILABILITY = YES_AGGRESSIVE;
				CLANG_WARN_UNREACHABLE_CODE = YES;
				CLANG_WARN__DUPLICATE_METHOD_MATCH = YES;
				CODE_SIGN_IDENTITY = "iPhone Developer";
				COPY_PHASE_STRIP = NO;
				DEBUG_INFORMATION_FORMAT = "dwarf-with-dsym";
				ENABLE_NS_ASSERTIONS = NO;
				ENABLE_STRICT_OBJC_MSGSEND = YES;
				GCC_C_LANGUAGE_STANDARD = gnu11;
				GCC_NO_COMMON_BLOCKS = YES;
				GCC_WARN_64_TO_32_BIT_CONVERSION = YES;
				GCC_WARN_ABOUT_RETURN_TYPE = YES_ERROR;
				GCC_WARN_UNDECLARED_SELECTOR = YES;
				GCC_WARN_UNINITIALIZED_AUTOS = YES_AGGRESSIVE;
				GCC_WARN_UNUSED_FUNCTION = YES;
				GCC_WARN_UNUSED_VARIABLE = YES;
				IPHONEOS_DEPLOYMENT_TARGET = 12.4;
				MTL_ENABLE_DEBUG_INFO = NO;
				MTL_FAST_MATH = YES;
				SDKROOT = iphoneos;
				SWIFT_COMPILATION_MODE = wholemodule;
				SWIFT_OPTIMIZATION_LEVEL = "-O";
				VALIDATE_PRODUCT = YES;
			};
			name = Release;
		};
		F861FF9123068EDF003D3B77 /* Debug */ = {
			isa = XCBuildConfiguration;
			baseConfigurationReference = 8CB5AE456DFDDB66B65380DF /* Pods-LikeCoin.debug.xcconfig */;
			buildSettings = {
				ASSETCATALOG_COMPILER_APPICON_NAME = AppIcon;
				CODE_SIGN_STYLE = Automatic;
				INFOPLIST_FILE = LikeCoin/Info.plist;
				LD_RUNPATH_SEARCH_PATHS = (
					"$(inherited)",
					"@executable_path/Frameworks",
				);
				PRODUCT_BUNDLE_IDENTIFIER = co.like.LikeCoin;
				PRODUCT_NAME = "$(TARGET_NAME)";
				SWIFT_VERSION = 5.0;
				TARGETED_DEVICE_FAMILY = "1,2";
			};
			name = Debug;
		};
		F861FF9223068EDF003D3B77 /* Release */ = {
			isa = XCBuildConfiguration;
			baseConfigurationReference = A0213A82C368D72D515F612D /* Pods-LikeCoin.release.xcconfig */;
			buildSettings = {
				ASSETCATALOG_COMPILER_APPICON_NAME = AppIcon;
				CODE_SIGN_STYLE = Automatic;
				INFOPLIST_FILE = LikeCoin/Info.plist;
				LD_RUNPATH_SEARCH_PATHS = (
					"$(inherited)",
					"@executable_path/Frameworks",
				);
				PRODUCT_BUNDLE_IDENTIFIER = co.like.LikeCoin;
				PRODUCT_NAME = "$(TARGET_NAME)";
				SWIFT_VERSION = 5.0;
				TARGETED_DEVICE_FAMILY = "1,2";
			};
			name = Release;
		};
/* End XCBuildConfiguration section */

/* Begin XCConfigurationList section */
		F861FF7923068EDB003D3B77 /* Build configuration list for PBXProject "LikeCoin" */ = {
			isa = XCConfigurationList;
			buildConfigurations = (
				F861FF8E23068EDF003D3B77 /* Debug */,
				F861FF8F23068EDF003D3B77 /* Release */,
			);
			defaultConfigurationIsVisible = 0;
			defaultConfigurationName = Release;
		};
		F861FF9023068EDF003D3B77 /* Build configuration list for PBXNativeTarget "LikeCoin" */ = {
			isa = XCConfigurationList;
			buildConfigurations = (
				F861FF9123068EDF003D3B77 /* Debug */,
				F861FF9223068EDF003D3B77 /* Release */,
			);
			defaultConfigurationIsVisible = 0;
			defaultConfigurationName = Release;
		};
/* End XCConfigurationList section */
	};
	rootObject = F861FF7623068EDB003D3B77 /* Project object */;
}
